
Microsoft Visual Studio Solution File, Format Version 12.00
# Visual Studio Version 16
VisualStudioVersion = 16.0.30204.135
MinimumVisualStudioVersion = 10.0.40219.1
Project("{FAE04EC0-301F-11D3-BF4B-00C04F79EFBC}") = "131730026_Bilal_Alptekin_odev2", "131730026_Bilal_Alptekin_odev2\131730026_Bilal_Alptekin_odev2.csproj", "{FEF9217E-37B5-4432-9856-FF89B052108C}"
EndProject
Global
	GlobalSection(SolutionConfigurationPlatforms) = preSolution
		Debug|Any CPU = Debug|Any CPU
		Release|Any CPU = Release|Any CPU
	EndGlobalSection
	GlobalSection(ProjectConfigurationPlatforms) = postSolution
		{FEF9217E-37B5-4432-9856-FF89B052108C}.Debug|Any CPU.ActiveCfg = Debug|Any CPU
		{FEF9217E-37B5-4432-9856-FF89B052108C}.Debug|Any CPU.Build.0 = Debug|Any CPU
		{FEF9217E-37B5-4432-9856-FF89B052108C}.Release|Any CPU.ActiveCfg = Release|Any CPU
		{FEF9217E-37B5-4432-9856-FF89B052108C}.Release|Any CPU.Build.0 = Release|Any CPU
	EndGlobalSection
	GlobalSection(SolutionProperties) = preSolution
		HideSolutionNode = FALSE
	EndGlobalSection
	GlobalSection(ExtensibilityGlobals) = postSolution
		SolutionGuid = {A8B693A9-6169-428A-820A-103CA6823088}
	EndGlobalSection
EndGlobal
