
Microsoft Visual Studio Solution File, Format Version 12.00
# Visual Studio Version 16
VisualStudioVersion = 16.0.30204.135
MinimumVisualStudioVersion = 10.0.40219.1
Project("{FAE04EC0-301F-11D3-BF4B-00C04F79EFBC}") = "131730026_Bilal_alptekin_odev3", "131730026_Bilal_alptekin_odev3\131730026_Bilal_alptekin_odev3.csproj", "{FBCB3587-42A9-42B6-8C48-CF8D17C9A130}"
EndProject
Global
	GlobalSection(SolutionConfigurationPlatforms) = preSolution
		Debug|Any CPU = Debug|Any CPU
		Release|Any CPU = Release|Any CPU
	EndGlobalSection
	GlobalSection(ProjectConfigurationPlatforms) = postSolution
		{FBCB3587-42A9-42B6-8C48-CF8D17C9A130}.Debug|Any CPU.ActiveCfg = Debug|Any CPU
		{FBCB3587-42A9-42B6-8C48-CF8D17C9A130}.Debug|Any CPU.Build.0 = Debug|Any CPU
		{FBCB3587-42A9-42B6-8C48-CF8D17C9A130}.Release|Any CPU.ActiveCfg = Release|Any CPU
		{FBCB3587-42A9-42B6-8C48-CF8D17C9A130}.Release|Any CPU.Build.0 = Release|Any CPU
	EndGlobalSection
	GlobalSection(SolutionProperties) = preSolution
		HideSolutionNode = FALSE
	EndGlobalSection
	GlobalSection(ExtensibilityGlobals) = postSolution
		SolutionGuid = {7DA48A2F-38B1-4ACC-A531-BA0E9681D1DB}
	EndGlobalSection
EndGlobal
